
Microsoft Visual Studio Solution File, Format Version 12.00
# Visual Studio Version 16
VisualStudioVersion = 16.0.35706.149
MinimumVisualStudioVersion = 10.0.40219.1
Project("{FAE04EC0-301F-11D3-BF4B-00C04F79EFBC}") = "trumplogic", "trumplogic.csproj", "{5D8D3F28-278A-4385-BF9F-66069157F538}"
EndProject
Global
	GlobalSection(SolutionConfigurationPlatforms) = preSolution
		Debug|Any CPU = Debug|Any CPU
		Release|Any CPU = Release|Any CPU
	EndGlobalSection
	GlobalSection(ProjectConfigurationPlatforms) = postSolution
		{5D8D3F28-278A-4385-BF9F-66069157F538}.Debug|Any CPU.ActiveCfg = Debug|Any CPU
		{5D8D3F28-278A-4385-BF9F-66069157F538}.Debug|Any CPU.Build.0 = Debug|Any CPU
		{5D8D3F28-278A-4385-BF9F-66069157F538}.Release|Any CPU.ActiveCfg = Release|Any CPU
		{5D8D3F28-278A-4385-BF9F-66069157F538}.Release|Any CPU.Build.0 = Release|Any CPU
	EndGlobalSection
	GlobalSection(SolutionProperties) = preSolution
		HideSolutionNode = FALSE
	EndGlobalSection
	GlobalSection(ExtensibilityGlobals) = postSolution
		SolutionGuid = {F7B0DBCA-05A1-408E-B31C-CC5D0FFFCF82}
	EndGlobalSection
EndGlobal
