
Microsoft Visual Studio Solution File, Format Version 12.00
# Visual Studio Version 16
VisualStudioVersion = 16.0.35706.149
MinimumVisualStudioVersion = 10.0.40219.1
Project("{FAE04EC0-301F-11D3-BF4B-00C04F79EFBC}") = "20250123_homework_2", "20250123_homework_2.csproj", "{A6C92CE6-E580-437B-A0BC-6D70EDEB06D1}"
EndProject
Global
	GlobalSection(SolutionConfigurationPlatforms) = preSolution
		Debug|Any CPU = Debug|Any CPU
		Release|Any CPU = Release|Any CPU
	EndGlobalSection
	GlobalSection(ProjectConfigurationPlatforms) = postSolution
		{A6C92CE6-E580-437B-A0BC-6D70EDEB06D1}.Debug|Any CPU.ActiveCfg = Debug|Any CPU
		{A6C92CE6-E580-437B-A0BC-6D70EDEB06D1}.Debug|Any CPU.Build.0 = Debug|Any CPU
		{A6C92CE6-E580-437B-A0BC-6D70EDEB06D1}.Release|Any CPU.ActiveCfg = Release|Any CPU
		{A6C92CE6-E580-437B-A0BC-6D70EDEB06D1}.Release|Any CPU.Build.0 = Release|Any CPU
	EndGlobalSection
	GlobalSection(SolutionProperties) = preSolution
		HideSolutionNode = FALSE
	EndGlobalSection
	GlobalSection(ExtensibilityGlobals) = postSolution
		SolutionGuid = {D86022D6-E211-4044-A85A-8D78B6952B3C}
	EndGlobalSection
EndGlobal
